{
	"name": "cluaupp-game",
	"lockfileVersion": 3,
	"requires": true,
	"packages": {
		"": {
			"name": "cluaupp-game",
			"dependencies": {
				"cluaupp": "^0.2.2"
			}
		},
		"node_modules/array-timsort": {
			"version": "1.0.3",
			"resolved": "https://registry.npmjs.org/array-timsort/-/array-timsort-1.0.3.tgz",
			"integrity": "sha512-/+3GRL7dDAGEfM6TseQk/U+mi18TU2Ms9I3UlLdUMhz2hbvGNTKdj9xniwXfUqgYhHxRx0+8UnKkvlNwVU+cWQ==",
			"license": "MIT"
		},
		"node_modules/cluaupp": {
			"version": "0.2.2",
			"resolved": "https://registry.npmjs.org/cluaupp/-/cluaupp-0.2.2.tgz",
			"integrity": "sha512-qqqCa88CoOSlfjL5fqHtKQ1SN2gRgAM5GoM4XfU8YjhtXGGc4bU1oO/1hK1hYAiqPD5TYab5HOEDc++ltMZX5Q==",
			"license": "MIT",
			"dependencies": {
				"commander": "^15.0.0",
				"comment-json": "^5.0.0",
				"tree-sitter": "0.21.1",
				"tree-sitter-c": "0.23.2",
				"tree-sitter-cpp": "0.23.4",
				"vscode-languageserver": "^10.1.1",
				"vscode-languageserver-textdocument": "^1.0.14"
			},
			"bin": {
				"cluau": "bin/cluaupp.js",
				"cluaupp": "bin/cluaupp.js"
			},
			"engines": {
				"node": ">=18"
			}
		},
		"node_modules/commander": {
			"version": "15.0.0",
			"resolved": "https://registry.npmjs.org/commander/-/commander-15.0.0.tgz",
			"integrity": "sha512-z67u4ZhzCL/Tydu1lJARtEZYWbWaN7oYLHbsuzocr6y4N6WZAagG3RQ4FW61V1/0+jImpj293XfrcYnd1qxtPg==",
			"license": "MIT",
			"engines": {
				"node": ">=22.12.0"
			}
		},
		"node_modules/comment-json": {
			"version": "5.0.0",
			"resolved": "https://registry.npmjs.org/comment-json/-/comment-json-5.0.0.tgz",
			"integrity": "sha512-uiqLcOiVDJtBP8WGkZHEP+FZIhTzP1dxvn59EfoYUi9gqupjrBWVQkO2atDrbnKPwLeotFYDsuNb26uBMqB+hw==",
			"license": "MIT",
			"dependencies": {
				"array-timsort": "^1.0.3",
				"esprima": "^4.0.1"
			},
			"engines": {
				"node": ">= 6"
			}
		},
		"node_modules/esprima": {
			"version": "4.0.1",
			"resolved": "https://registry.npmjs.org/esprima/-/esprima-4.0.1.tgz",
			"integrity": "sha512-eGuFFw7Upda+g4p+QHvnW0RyTX/SVeJBDM/gCtMARO0cLuT2HcEKnTPvhjV6aGeqrCB/sbNop0Kszm0jsaWU4A==",
			"license": "BSD-2-Clause",
			"bin": {
				"esparse": "bin/esparse.js",
				"esvalidate": "bin/esvalidate.js"
			},
			"engines": {
				"node": ">=4"
			}
		},
		"node_modules/node-addon-api": {
			"version": "8.9.2",
			"resolved": "https://registry.npmjs.org/node-addon-api/-/node-addon-api-8.9.2.tgz",
			"integrity": "sha512-VijLXbi3UACN69I0JVXJsX4tjACjNoQDgv2gTF6sx2wWEi8tkSg2eX8p5gSIFi8z2+DL3oHmY6OyKce38SDolg==",
			"license": "MIT",
			"engines": {
				"node": "^18 || ^20 || >= 21"
			}
		},
		"node_modules/node-gyp-build": {
			"version": "4.8.4",
			"resolved": "https://registry.npmjs.org/node-gyp-build/-/node-gyp-build-4.8.4.tgz",
			"integrity": "sha512-LA4ZjwlnUblHVgq0oBF3Jl/6h/Nvs5fzBLwdEF4nuxnFdsfajde4WfxtJr3CaiH+F6ewcIB/q4jQ4UzPyid+CQ==",
			"license": "MIT",
			"bin": {
				"node-gyp-build": "bin.js",
				"node-gyp-build-optional": "optional.js",
				"node-gyp-build-test": "build-test.js"
			}
		},
		"node_modules/tree-sitter": {
			"version": "0.21.1",
			"resolved": "https://registry.npmjs.org/tree-sitter/-/tree-sitter-0.21.1.tgz",
			"integrity": "sha512-7dxoA6kYvtgWw80265MyqJlkRl4yawIjO7S5MigytjELkX43fV2WsAXzsNfO7sBpPPCF5Gp0+XzHk0DwLCq3xQ==",
			"hasInstallScript": true,
			"license": "MIT",
			"dependencies": {
				"node-addon-api": "^8.0.0",
				"node-gyp-build": "^4.8.0"
			}
		},
		"node_modules/tree-sitter-c": {
			"version": "0.23.2",
			"resolved": "https://registry.npmjs.org/tree-sitter-c/-/tree-sitter-c-0.23.2.tgz",
			"integrity": "sha512-9kADOx31AF94DHcrsMGW0zM/2LS6v7wFkPHPVm7RQU+vYVVZMKZ2FJ9e99pm5feqsAcjUzB9CarqDLgRT1Fe/w==",
			"hasInstallScript": true,
			"license": "MIT",
			"dependencies": {
				"node-addon-api": "^8.2.2",
				"node-gyp-build": "^4.8.2"
			},
			"peerDependencies": {
				"tree-sitter": "^0.21.1"
			},
			"peerDependenciesMeta": {
				"tree-sitter": {
					"optional": true
				}
			}
		},
		"node_modules/tree-sitter-cpp": {
			"version": "0.23.4",
			"resolved": "https://registry.npmjs.org/tree-sitter-cpp/-/tree-sitter-cpp-0.23.4.tgz",
			"integrity": "sha512-qR5qUDyhZ5jJ6V8/umiBxokRbe89bCGmcq/dk94wI4kN86qfdV8k0GHIUEKaqWgcu42wKal5E97LKpLeVW8sKw==",
			"hasInstallScript": true,
			"license": "MIT",
			"dependencies": {
				"node-addon-api": "^8.2.1",
				"node-gyp-build": "^4.8.2",
				"tree-sitter-c": "^0.23.1"
			},
			"peerDependencies": {
				"tree-sitter": "^0.21.1"
			},
			"peerDependenciesMeta": {
				"tree-sitter": {
					"optional": true
				}
			}
		},
		"node_modules/vscode-jsonrpc": {
			"version": "9.0.2",
			"resolved": "https://registry.npmjs.org/vscode-jsonrpc/-/vscode-jsonrpc-9.0.2.tgz",
			"integrity": "sha512-SbQSV9yRemARxeXw6LU5sS6Zq0e9/DgCCX5yelH263ZQWukbTk8EF8fjTrr1dziasf4GwlJbvTwFnTrnQFWZXQ==",
			"license": "MIT",
			"engines": {
				"node": ">=14.0.0"
			}
		},
		"node_modules/vscode-languageserver": {
			"version": "10.1.1",
			"resolved": "https://registry.npmjs.org/vscode-languageserver/-/vscode-languageserver-10.1.1.tgz",
			"integrity": "sha512-/cG04Fiq99rEtoDrfPpv0k6NyUFlck5GNtZLQZv1rxkBkc/4FrJNvEKTN5k1Si3O1hRguP++ciYlX9cdjdYxFQ==",
			"license": "MIT",
			"dependencies": {
				"vscode-languageserver-protocol": "3.18.3"
			},
			"bin": {
				"installServerIntoExtension": "bin/installServerIntoExtension"
			}
		},
		"node_modules/vscode-languageserver-protocol": {
			"version": "3.18.3",
			"resolved": "https://registry.npmjs.org/vscode-languageserver-protocol/-/vscode-languageserver-protocol-3.18.3.tgz",
			"integrity": "sha512-DF49+WeV5py4zO5hhobp60jjsDSK0lAqA0OuKBLBvp423HPWQcCbhZz3JgyfIewsEz2f8U+X75xNIFHdiXZm2w==",
			"license": "MIT",
			"dependencies": {
				"vscode-jsonrpc": "9.0.2",
				"vscode-languageserver-types": "3.18.3"
			}
		},
		"node_modules/vscode-languageserver-textdocument": {
			"version": "1.0.14",
			"resolved": "https://registry.npmjs.org/vscode-languageserver-textdocument/-/vscode-languageserver-textdocument-1.0.14.tgz",
			"integrity": "sha512-EQyqJMi552E4ZTf46izQ4Fj6XquqxCySR3J5ZSD1SisMf6RfpeOWHxGBE8Gr6V0/3GHIGdAzDn8F8+1nTGCnoQ==",
			"license": "MIT"
		},
		"node_modules/vscode-languageserver-types": {
			"version": "3.18.3",
			"resolved": "https://registry.npmjs.org/vscode-languageserver-types/-/vscode-languageserver-types-3.18.3.tgz",
			"integrity": "sha512-XIlzJ7Qp/jzSI1ds7/FwPAWrPeTZA7pAtlW4hdJ1J6xXWJL6dR9QYnDhJOdLzdKhUQ5Mm6mvUMw+3DcOQQasPw==",
			"license": "MIT"
		}
	}
}
